// !$*UTF8*$!
{
	archiveVersion = 1;
	classes = {
	};
	objectVersion = 56;
	objects = {

/* Begin PBXBuildFile section */
		A10000001 /* CrowApp.swift in Sources */ = {isa = PBXBuildFile; fileRef = A20000001 /* CrowApp.swift */; };
		A10000002 /* CrowModels.swift in Sources */ = {isa = PBXBuildFile; fileRef = A20000002 /* CrowModels.swift */; };
		A10000003 /* ServerConfig.swift in Sources */ = {isa = PBXBuildFile; fileRef = A20000003 /* ServerConfig.swift */; };
		A10000004 /* CrowAPI.swift in Sources */ = {isa = PBXBuildFile; fileRef = A20000004 /* CrowAPI.swift */; };
		A10000005 /* SSEClient.swift in Sources */ = {isa = PBXBuildFile; fileRef = A20000005 /* SSEClient.swift */; };
		A10000006 /* ChatView.swift in Sources */ = {isa = PBXBuildFile; fileRef = A20000006 /* ChatView.swift */; };
		A1000000A /* MainView.swift in Sources */ = {isa = PBXBuildFile; fileRef = A2000000B /* MainView.swift */; };
		A10000008 /* ServerListView.swift in Sources */ = {isa = PBXBuildFile; fileRef = A20000008 /* ServerListView.swift */; };
		A10000009 /* Assets.xcassets in Resources */ = {isa = PBXBuildFile; fileRef = A20000009 /* Assets.xcassets */; };
		A1000000B /* AgentDetailView.swift in Sources */ = {isa = PBXBuildFile; fileRef = A2000000C /* AgentDetailView.swift */; };
		A1000000C /* LearningsView.swift in Sources */ = {isa = PBXBuildFile; fileRef = A2000000D /* LearningsView.swift */; };
/* End PBXBuildFile section */

/* Begin PBXFileReference section */
		A20000001 /* CrowApp.swift */ = {isa = PBXFileReference; lastKnownFileType = sourcecode.swift; path = CrowApp.swift; sourceTree = "<group>"; };
		A20000002 /* CrowModels.swift */ = {isa = PBXFileReference; lastKnownFileType = sourcecode.swift; path = CrowModels.swift; sourceTree = "<group>"; };
		A20000003 /* ServerConfig.swift */ = {isa = PBXFileReference; lastKnownFileType = sourcecode.swift; path = ServerConfig.swift; sourceTree = "<group>"; };
		A20000004 /* CrowAPI.swift */ = {isa = PBXFileReference; lastKnownFileType = sourcecode.swift; path = CrowAPI.swift; sourceTree = "<group>"; };
		A20000005 /* SSEClient.swift */ = {isa = PBXFileReference; lastKnownFileType = sourcecode.swift; path = SSEClient.swift; sourceTree = "<group>"; };
		A20000006 /* ChatView.swift */ = {isa = PBXFileReference; lastKnownFileType = sourcecode.swift; path = ChatView.swift; sourceTree = "<group>"; };
		A20000008 /* ServerListView.swift */ = {isa = PBXFileReference; lastKnownFileType = sourcecode.swift; path = ServerListView.swift; sourceTree = "<group>"; };
		A2000000B /* MainView.swift */ = {isa = PBXFileReference; lastKnownFileType = sourcecode.swift; path = MainView.swift; sourceTree = "<group>"; };
		A2000000C /* AgentDetailView.swift */ = {isa = PBXFileReference; lastKnownFileType = sourcecode.swift; path = AgentDetailView.swift; sourceTree = "<group>"; };
		A2000000D /* LearningsView.swift */ = {isa = PBXFileReference; lastKnownFileType = sourcecode.swift; path = LearningsView.swift; sourceTree = "<group>"; };
		A20000009 /* Assets.xcassets */ = {isa = PBXFileReference; lastKnownFileType = folder.assetcatalog; path = Assets.xcassets; sourceTree = "<group>"; };
		A2000000A /* Crow.app */ = {isa = PBXFileReference; explicitFileType = wrapper.application; includeInIndex = 0; path = Crow.app; sourceTree = BUILT_PRODUCTS_DIR; };
/* End PBXFileReference section */

/* Begin PBXFrameworksBuildPhase section */
		A30000001 /* Frameworks */ = {
			isa = PBXFrameworksBuildPhase;
			buildActionMask = 2147483647;
			files = (
			);
			runOnlyForDeploymentPostprocessing = 0;
		};
/* End PBXFrameworksBuildPhase section */

/* Begin PBXGroup section */
		A40000001 = {
			isa = PBXGroup;
			children = (
				A40000002 /* Crow */,
				A40000005 /* Products */,
			);
			sourceTree = "<group>";
		};
		A40000002 /* Crow */ = {
			isa = PBXGroup;
			children = (
				A20000001 /* CrowApp.swift */,
				A40000003 /* Models */,
				A40000006 /* Services */,
				A40000004 /* Views */,
				A20000009 /* Assets.xcassets */,
			);
			path = Crow;
			sourceTree = "<group>";
		};
		A40000003 /* Models */ = {
			isa = PBXGroup;
			children = (
				A20000002 /* CrowModels.swift */,
				A20000003 /* ServerConfig.swift */,
			);
			path = Models;
			sourceTree = "<group>";
		};
		A40000004 /* Views */ = {
			isa = PBXGroup;
			children = (
				A2000000C /* AgentDetailView.swift */,
				A20000006 /* ChatView.swift */,
				A2000000D /* LearningsView.swift */,
				A2000000B /* MainView.swift */,
				A20000008 /* ServerListView.swift */,
			);
			path = Views;
			sourceTree = "<group>";
		};
		A40000005 /* Products */ = {
			isa = PBXGroup;
			children = (
				A2000000A /* Crow.app */,
			);
			name = Products;
			sourceTree = "<group>";
		};
		A40000006 /* Services */ = {
			isa = PBXGroup;
			children = (
				A20000004 /* CrowAPI.swift */,
				A20000005 /* SSEClient.swift */,
			);
			path = Services;
			sourceTree = "<group>";
		};
/* End PBXGroup section */

/* Begin PBXNativeTarget section */
		A50000001 /* Crow */ = {
			isa = PBXNativeTarget;
			buildConfigurationList = A70000003 /* Build configuration list for PBXNativeTarget "Crow" */;
			buildPhases = (
				A60000001 /* Sources */,
				A30000001 /* Frameworks */,
				A60000002 /* Resources */,
			);
			buildRules = (
			);
			dependencies = (
			);
			name = Crow;
			productName = Crow;
			productReference = A2000000A /* Crow.app */;
			productType = "com.apple.product-type.application";
		};
/* End PBXNativeTarget section */

/* Begin PBXProject section */
		A50000002 /* Project object */ = {
			isa = PBXProject;
			attributes = {
				BuildIndependentTargetsInParallel = 1;
				LastSwiftUpdateCheck = 1540;
				LastUpgradeCheck = 1540;
				TargetAttributes = {
					A50000001 = {
						CreatedOnToolsVersion = 15.4;
					};
				};
			};
			buildConfigurationList = A70000001 /* Build configuration list for PBXProject "Crow" */;
			compatibilityVersion = "Xcode 14.0";
			developmentRegion = en;
			hasScannedForEncodings = 0;
			knownRegions = (
				en,
				Base,
			);
			mainGroup = A40000001;
			productRefGroup = A40000005 /* Products */;
			projectDirPath = "";
			projectRoot = "";
			targets = (
				A50000001 /* Crow */,
			);
		};
/* End PBXProject section */

/* Begin PBXResourcesBuildPhase section */
		A60000002 /* Resources */ = {
			isa = PBXResourcesBuildPhase;
			buildActionMask = 2147483647;
			files = (
				A10000009 /* Assets.xcassets in Resources */,
			);
			runOnlyForDeploymentPostprocessing = 0;
		};
/* End PBXResourcesBuildPhase section */

/* Begin PBXSourcesBuildPhase section */
		A60000001 /* Sources */ = {
			isa = PBXSourcesBuildPhase;
			buildActionMask = 2147483647;
			files = (
				A10000001 /* CrowApp.swift in Sources */,
				A10000002 /* CrowModels.swift in Sources */,
				A10000003 /* ServerConfig.swift in Sources */,
				A10000004 /* CrowAPI.swift in Sources */,
				A10000005 /* SSEClient.swift in Sources */,
				A10000006 /* ChatView.swift in Sources */,
				A10000008 /* ServerListView.swift in Sources */,
				A1000000A /* MainView.swift in Sources */,
				A1000000B /* AgentDetailView.swift in Sources */,
				A1000000C /* LearningsView.swift in Sources */,
			);
			runOnlyForDeploymentPostprocessing = 0;
		};
/* End PBXSourcesBuildPhase section */

/* Begin XCBuildConfiguration section */
		A80000001 /* Debug */ = {
			isa = XCBuildConfiguration;
			buildSettings = {
				ALWAYS_SEARCH_USER_PATHS = NO;
				ASSETCATALOG_COMPILER_GENERATE_SWIFT_ASSET_SYMBOL_EXTENSIONS = YES;
				CLANG_ANALYZER_NONNULL = YES;
				CLANG_CXX_LANGUAGE_STANDARD = "gnu++20";
				CLANG_ENABLE_MODULES = YES;
				CLANG_ENABLE_OBJC_ARC = YES;
				COPY_PHASE_STRIP = NO;
				DEBUG_INFORMATION_FORMAT = dwarf;
				ENABLE_STRICT_OBJC_MSGSEND = YES;
				ENABLE_TESTABILITY = YES;
				GCC_DYNAMIC_NO_PIC = NO;
				GCC_OPTIMIZATION_LEVEL = 0;
				GCC_PREPROCESSOR_DEFINITIONS = (
					"DEBUG=1",
					"$(inherited)",
				);
				GCC_WARN_64_TO_32_BIT_CONVERSION = YES;
				GCC_WARN_ABOUT_RETURN_TYPE = YES_ERROR;
				GCC_WARN_UNINITIALIZED_AUTOS = YES_AGGRESSIVE;
				GCC_WARN_UNUSED_FUNCTION = YES;
				GCC_WARN_UNUSED_VARIABLE = YES;
				IPHONEOS_DEPLOYMENT_TARGET = 17.0;
				MTL_ENABLE_DEBUG_INFO = INCLUDE_SOURCE;
				MTL_FAST_MATH = YES;
				ONLY_ACTIVE_ARCH = YES;
				SDKROOT = iphoneos;
				SWIFT_ACTIVE_COMPILATION_CONDITIONS = "$(inherited) DEBUG";
				SWIFT_OPTIMIZATION_LEVEL = "-Onone";
			};
			name = Debug;
		};
		A80000002 /* Release */ = {
			isa = XCBuildConfiguration;
			buildSettings = {
				ALWAYS_SEARCH_USER_PATHS = NO;
				ASSETCATALOG_COMPILER_GENERATE_SWIFT_ASSET_SYMBOL_EXTENSIONS = YES;
				CLANG_ANALYZER_NONNULL = YES;
				CLANG_CXX_LANGUAGE_STANDARD = "gnu++20";
				CLANG_ENABLE_MODULES = YES;
				CLANG_ENABLE_OBJC_ARC = YES;
				COPY_PHASE_STRIP = NO;
				DEBUG_INFORMATION_FORMAT = "dwarf-with-dsym";
				ENABLE_NS_ASSERTIONS = NO;
				ENABLE_STRICT_OBJC_MSGSEND = YES;
				GCC_WARN_64_TO_32_BIT_CONVERSION = YES;
				GCC_WARN_ABOUT_RETURN_TYPE = YES_ERROR;
				GCC_WARN_UNINITIALIZED_AUTOS = YES_AGGRESSIVE;
				GCC_WARN_UNUSED_FUNCTION = YES;
				GCC_WARN_UNUSED_VARIABLE = YES;
				IPHONEOS_DEPLOYMENT_TARGET = 17.0;
				MTL_FAST_MATH = YES;
				SDKROOT = iphoneos;
				SWIFT_COMPILATION_MODE = wholemodule;
				VALIDATE_PRODUCT = YES;
			};
			name = Release;
		};
		A80000003 /* Debug */ = {
			isa = XCBuildConfiguration;
			buildSettings = {
				ASSETCATALOG_COMPILER_APPICON_NAME = AppIcon;
				ASSETCATALOG_COMPILER_GLOBAL_ACCENT_COLOR_NAME = AccentColor;
				CODE_SIGN_STYLE = Automatic;
				CURRENT_PROJECT_VERSION = 1;
				DEVELOPMENT_TEAM = S6R8H7E83W;
				GENERATE_INFOPLIST_FILE = YES;
				INFOPLIST_KEY_UIApplicationSceneManifest_Generation = YES;
				INFOPLIST_KEY_UIApplicationSupportsIndirectInputEvents = YES;
				INFOPLIST_KEY_UILaunchScreen_Generation = YES;
				INFOPLIST_KEY_UISupportedInterfaceOrientations_iPad = "UIInterfaceOrientationPortrait UIInterfaceOrientationPortraitUpsideDown UIInterfaceOrientationLandscapeLeft UIInterfaceOrientationLandscapeRight";
				INFOPLIST_KEY_UISupportedInterfaceOrientations_iPhone = "UIInterfaceOrientationPortrait UIInterfaceOrientationLandscapeLeft UIInterfaceOrientationLandscapeRight";
				LD_RUNPATH_SEARCH_PATHS = (
					"$(inherited)",
					"@executable_path/Frameworks",
				);
				MARKETING_VERSION = 1.0;
				PRODUCT_BUNDLE_IDENTIFIER = ai.erdo.crow;
				PRODUCT_NAME = "$(TARGET_NAME)";
				SUPPORTS_MACCATALYST = YES;
				SWIFT_EMIT_LOC_STRINGS = YES;
				SWIFT_VERSION = 5.0;
				TARGETED_DEVICE_FAMILY = "1,2";
			};
			name = Debug;
		};
		A80000004 /* Release */ = {
			isa = XCBuildConfiguration;
			buildSettings = {
				ASSETCATALOG_COMPILER_APPICON_NAME = AppIcon;
				ASSETCATALOG_COMPILER_GLOBAL_ACCENT_COLOR_NAME = AccentColor;
				CODE_SIGN_STYLE = Automatic;
				CURRENT_PROJECT_VERSION = 1;
				DEVELOPMENT_TEAM = S6R8H7E83W;
				GENERATE_INFOPLIST_FILE = YES;
				INFOPLIST_KEY_UIApplicationSceneManifest_Generation = YES;
				INFOPLIST_KEY_UIApplicationSupportsIndirectInputEvents = YES;
				INFOPLIST_KEY_UILaunchScreen_Generation = YES;
				INFOPLIST_KEY_UISupportedInterfaceOrientations_iPad = "UIInterfaceOrientationPortrait UIInterfaceOrientationPortraitUpsideDown UIInterfaceOrientationLandscapeLeft UIInterfaceOrientationLandscapeRight";
				INFOPLIST_KEY_UISupportedInterfaceOrientations_iPhone = "UIInterfaceOrientationPortrait UIInterfaceOrientationLandscapeLeft UIInterfaceOrientationLandscapeRight";
				LD_RUNPATH_SEARCH_PATHS = (
					"$(inherited)",
					"@executable_path/Frameworks",
				);
				MARKETING_VERSION = 1.0;
				PRODUCT_BUNDLE_IDENTIFIER = ai.erdo.crow;
				PRODUCT_NAME = "$(TARGET_NAME)";
				SUPPORTS_MACCATALYST = YES;
				SWIFT_EMIT_LOC_STRINGS = YES;
				SWIFT_VERSION = 5.0;
				TARGETED_DEVICE_FAMILY = "1,2";
			};
			name = Release;
		};
/* End XCBuildConfiguration section */

/* Begin XCConfigurationList section */
		A70000001 /* Build configuration list for PBXProject "Crow" */ = {
			isa = XCConfigurationList;
			buildConfigurations = (
				A80000001 /* Debug */,
				A80000002 /* Release */,
			);
			defaultConfigurationIsVisible = 0;
			defaultConfigurationName = Release;
		};
		A70000003 /* Build configuration list for PBXNativeTarget "Crow" */ = {
			isa = XCConfigurationList;
			buildConfigurations = (
				A80000003 /* Debug */,
				A80000004 /* Release */,
			);
			defaultConfigurationIsVisible = 0;
			defaultConfigurationName = Release;
		};
/* End XCConfigurationList section */
	};
	rootObject = A50000002 /* Project object */;
}
